
Microsoft Visual Studio Solution File, Format Version 12.00
# Visual Studio Version 17
VisualStudioVersion = 17.3.32819.101
MinimumVisualStudioVersion = 10.0.40219.1
Project("{FAE04EC0-301F-11D3-BF4B-00C04F79EFBC}") = "PartyInvitesSequel", "PartyInvitesSequel\PartyInvitesSequel.csproj", "{9305099F-5587-4194-A317-14F204BF45EE}"
EndProject
Global
	GlobalSection(SolutionConfigurationPlatforms) = preSolution
		Debug|Any CPU = Debug|Any CPU
		Release|Any CPU = Release|Any CPU
	EndGlobalSection
	GlobalSection(ProjectConfigurationPlatforms) = postSolution
		{9305099F-5587-4194-A317-14F204BF45EE}.Debug|Any CPU.ActiveCfg = Debug|Any CPU
		{9305099F-5587-4194-A317-14F204BF45EE}.Debug|Any CPU.Build.0 = Debug|Any CPU
		{9305099F-5587-4194-A317-14F204BF45EE}.Release|Any CPU.ActiveCfg = Release|Any CPU
		{9305099F-5587-4194-A317-14F204BF45EE}.Release|Any CPU.Build.0 = Release|Any CPU
	EndGlobalSection
	GlobalSection(SolutionProperties) = preSolution
		HideSolutionNode = FALSE
	EndGlobalSection
	GlobalSection(ExtensibilityGlobals) = postSolution
		SolutionGuid = {74033405-3A7B-4146-A0CA-63576E7B33F5}
	EndGlobalSection
EndGlobal
